// !$*UTF8*$!
{
	archiveVersion = 1;
	classes = {
	};
	objectVersion = 46;
	objects = {

/* Begin PBXBuildFile section */
		182BAA791EA17F29001AD0F5 /* MapKit.framework in Frameworks */ = {isa = PBXBuildFile; fileRef = 182BAA781EA17F29001AD0F5 /* MapKit.framework */; };
		183A36C61E9D888F00E52139 /* AppDelegate.swift in Sources */ = {isa = PBXBuildFile; fileRef = 183A36C51E9D888F00E52139 /* AppDelegate.swift */; };
		183A36CB1E9D888F00E52139 /* Main.storyboard in Resources */ = {isa = PBXBuildFile; fileRef = 183A36C91E9D888F00E52139 /* Main.storyboard */; };
		183A36CD1E9D888F00E52139 /* Assets.xcassets in Resources */ = {isa = PBXBuildFile; fileRef = 183A36CC1E9D888F00E52139 /* Assets.xcassets */; };
		183A36D01E9D888F00E52139 /* LaunchScreen.storyboard in Resources */ = {isa = PBXBuildFile; fileRef = 183A36CE1E9D888F00E52139 /* LaunchScreen.storyboard */; };
		183A36DB1E9D888F00E52139 /* WorldTrotterTests.swift in Sources */ = {isa = PBXBuildFile; fileRef = 183A36DA1E9D888F00E52139 /* WorldTrotterTests.swift */; };
		183A36E61E9D888F00E52139 /* WorldTrotterUITests.swift in Sources */ = {isa = PBXBuildFile; fileRef = 183A36E51E9D888F00E52139 /* WorldTrotterUITests.swift */; };
		1849689F1E9EC19B0076974D /* ConversionViewController.swift in Sources */ = {isa = PBXBuildFile; fileRef = 1849689E1E9EC19B0076974D /* ConversionViewController.swift */; };
		186469B51EA2A8FD000165F0 /* MapViewController.swift in Sources */ = {isa = PBXBuildFile; fileRef = 186469B41EA2A8FD000165F0 /* MapViewController.swift */; };
/* End PBXBuildFile section */

/* Begin PBXContainerItemProxy section */
		183A36D71E9D888F00E52139 /* PBXContainerItemProxy */ = {
			isa = PBXContainerItemProxy;
			containerPortal = 183A36BA1E9D888F00E52139 /* Project object */;
			proxyType = 1;
			remoteGlobalIDString = 183A36C11E9D888F00E52139;
			remoteInfo = WorldTrotter;
		};
		183A36E21E9D888F00E52139 /* PBXContainerItemProxy */ = {
			isa = PBXContainerItemProxy;
			containerPortal = 183A36BA1E9D888F00E52139 /* Project object */;
			proxyType = 1;
			remoteGlobalIDString = 183A36C11E9D888F00E52139;
			remoteInfo = WorldTrotter;
		};
/* End PBXContainerItemProxy section */

/* Begin PBXFileReference section */
		182BAA781EA17F29001AD0F5 /* MapKit.framework */ = {isa = PBXFileReference; lastKnownFileType = wrapper.framework; name = MapKit.framework; path = System/Library/Frameworks/MapKit.framework; sourceTree = SDKROOT; };
		183A36C21E9D888F00E52139 /* WorldTrotter.app */ = {isa = PBXFileReference; explicitFileType = wrapper.application; includeInIndex = 0; path = WorldTrotter.app; sourceTree = BUILT_PRODUCTS_DIR; };
		183A36C51E9D888F00E52139 /* AppDelegate.swift */ = {isa = PBXFileReference; lastKnownFileType = sourcecode.swift; path = AppDelegate.swift; sourceTree = "<group>"; };
		183A36CA1E9D888F00E52139 /* Base */ = {isa = PBXFileReference; lastKnownFileType = file.storyboard; name = Base; path = Base.lproj/Main.storyboard; sourceTree = "<group>"; };
		183A36CC1E9D888F00E52139 /* Assets.xcassets */ = {isa = PBXFileReference; lastKnownFileType = folder.assetcatalog; path = Assets.xcassets; sourceTree = "<group>"; };
		183A36CF1E9D888F00E52139 /* Base */ = {isa = PBXFileReference; lastKnownFileType = file.storyboard; name = Base; path = Base.lproj/LaunchScreen.storyboard; sourceTree = "<group>"; };
		183A36D11E9D888F00E52139 /* Info.plist */ = {isa = PBXFileReference; lastKnownFileType = text.plist.xml; path = Info.plist; sourceTree = "<group>"; };
		183A36D61E9D888F00E52139 /* WorldTrotterTests.xctest */ = {isa = PBXFileReference; explicitFileType = wrapper.cfbundle; includeInIndex = 0; path = WorldTrotterTests.xctest; sourceTree = BUILT_PRODUCTS_DIR; };
		183A36DA1E9D888F00E52139 /* WorldTrotterTests.swift */ = {isa = PBXFileReference; lastKnownFileType = sourcecode.swift; path = WorldTrotterTests.swift; sourceTree = "<group>"; };
		183A36DC1E9D888F00E52139 /* Info.plist */ = {isa = PBXFileReference; lastKnownFileType = text.plist.xml; path = Info.plist; sourceTree = "<group>"; };
		183A36E11E9D888F00E52139 /* WorldTrotterUITests.xctest */ = {isa = PBXFileReference; explicitFileType = wrapper.cfbundle; includeInIndex = 0; path = WorldTrotterUITests.xctest; sourceTree = BUILT_PRODUCTS_DIR; };
		183A36E51E9D888F00E52139 /* WorldTrotterUITests.swift */ = {isa = PBXFileReference; lastKnownFileType = sourcecode.swift; path = WorldTrotterUITests.swift; sourceTree = "<group>"; };
		183A36E71E9D888F00E52139 /* Info.plist */ = {isa = PBXFileReference; lastKnownFileType = text.plist.xml; path = Info.plist; sourceTree = "<group>"; };
		1849689E1E9EC19B0076974D /* ConversionViewController.swift */ = {isa = PBXFileReference; fileEncoding = 4; lastKnownFileType = sourcecode.swift; path = ConversionViewController.swift; sourceTree = "<group>"; };
		186469B41EA2A8FD000165F0 /* MapViewController.swift */ = {isa = PBXFileReference; fileEncoding = 4; lastKnownFileType = sourcecode.swift; path = MapViewController.swift; sourceTree = "<group>"; };
/* End PBXFileReference section */

/* Begin PBXFrameworksBuildPhase section */
		183A36BF1E9D888F00E52139 /* Frameworks */ = {
			isa = PBXFrameworksBuildPhase;
			buildActionMask = 2147483647;
			files = (
				182BAA791EA17F29001AD0F5 /* MapKit.framework in Frameworks */,
			);
			runOnlyForDeploymentPostprocessing = 0;
		};
		183A36D31E9D888F00E52139 /* Frameworks */ = {
			isa = PBXFrameworksBuildPhase;
			buildActionMask = 2147483647;
			files = (
			);
			runOnlyForDeploymentPostprocessing = 0;
		};
		183A36DE1E9D888F00E52139 /* Frameworks */ = {
			isa = PBXFrameworksBuildPhase;
			buildActionMask = 2147483647;
			files = (
			);
			runOnlyForDeploymentPostprocessing = 0;
		};
/* End PBXFrameworksBuildPhase section */

/* Begin PBXGroup section */
		182BAA771EA17F29001AD0F5 /* Frameworks */ = {
			isa = PBXGroup;
			children = (
				182BAA781EA17F29001AD0F5 /* MapKit.framework */,
			);
			name = Frameworks;
			sourceTree = "<group>";
		};
		183A36B91E9D888F00E52139 = {
			isa = PBXGroup;
			children = (
				183A36C41E9D888F00E52139 /* WorldTrotter */,
				183A36D91E9D888F00E52139 /* WorldTrotterTests */,
				183A36E41E9D888F00E52139 /* WorldTrotterUITests */,
				183A36C31E9D888F00E52139 /* Products */,
				182BAA771EA17F29001AD0F5 /* Frameworks */,
			);
			sourceTree = "<group>";
		};
		183A36C31E9D888F00E52139 /* Products */ = {
			isa = PBXGroup;
			children = (
				183A36C21E9D888F00E52139 /* WorldTrotter.app */,
				183A36D61E9D888F00E52139 /* WorldTrotterTests.xctest */,
				183A36E11E9D888F00E52139 /* WorldTrotterUITests.xctest */,
			);
			name = Products;
			sourceTree = "<group>";
		};
		183A36C41E9D888F00E52139 /* WorldTrotter */ = {
			isa = PBXGroup;
			children = (
				183A36C51E9D888F00E52139 /* AppDelegate.swift */,
				183A36C91E9D888F00E52139 /* Main.storyboard */,
				183A36CC1E9D888F00E52139 /* Assets.xcassets */,
				183A36CE1E9D888F00E52139 /* LaunchScreen.storyboard */,
				183A36D11E9D888F00E52139 /* Info.plist */,
				1849689E1E9EC19B0076974D /* ConversionViewController.swift */,
				186469B41EA2A8FD000165F0 /* MapViewController.swift */,
			);
			path = WorldTrotter;
			sourceTree = "<group>";
		};
		183A36D91E9D888F00E52139 /* WorldTrotterTests */ = {
			isa = PBXGroup;
			children = (
				183A36DA1E9D888F00E52139 /* WorldTrotterTests.swift */,
				183A36DC1E9D888F00E52139 /* Info.plist */,
			);
			path = WorldTrotterTests;
			sourceTree = "<group>";
		};
		183A36E41E9D888F00E52139 /* WorldTrotterUITests */ = {
			isa = PBXGroup;
			children = (
				183A36E51E9D888F00E52139 /* WorldTrotterUITests.swift */,
				183A36E71E9D888F00E52139 /* Info.plist */,
			);
			path = WorldTrotterUITests;
			sourceTree = "<group>";
		};
/* End PBXGroup section */

/* Begin PBXNativeTarget section */
		183A36C11E9D888F00E52139 /* WorldTrotter */ = {
			isa = PBXNativeTarget;
			buildConfigurationList = 183A36EA1E9D888F00E52139 /* Build configuration list for PBXNativeTarget "WorldTrotter" */;
			buildPhases = (
				183A36BE1E9D888F00E52139 /* Sources */,
				183A36BF1E9D888F00E52139 /* Frameworks */,
				183A36C01E9D888F00E52139 /* Resources */,
			);
			buildRules = (
			);
			dependencies = (
			);
			name = WorldTrotter;
			productName = WorldTrotter;
			productReference = 183A36C21E9D888F00E52139 /* WorldTrotter.app */;
			productType = "com.apple.product-type.application";
		};
		183A36D51E9D888F00E52139 /* WorldTrotterTests */ = {
			isa = PBXNativeTarget;
			buildConfigurationList = 183A36ED1E9D888F00E52139 /* Build configuration list for PBXNativeTarget "WorldTrotterTests" */;
			buildPhases = (
				183A36D21E9D888F00E52139 /* Sources */,
				183A36D31E9D888F00E52139 /* Frameworks */,
				183A36D41E9D888F00E52139 /* Resources */,
			);
			buildRules = (
			);
			dependencies = (
				183A36D81E9D888F00E52139 /* PBXTargetDependency */,
			);
			name = WorldTrotterTests;
			productName = WorldTrotterTests;
			productReference = 183A36D61E9D888F00E52139 /* WorldTrotterTests.xctest */;
			productType = "com.apple.product-type.bundle.unit-test";
		};
		183A36E01E9D888F00E52139 /* WorldTrotterUITests */ = {
			isa = PBXNativeTarget;
			buildConfigurationList = 183A36F01E9D888F00E52139 /* Build configuration list for PBXNativeTarget "WorldTrotterUITests" */;
			buildPhases = (
				183A36DD1E9D888F00E52139 /* Sources */,
				183A36DE1E9D888F00E52139 /* Frameworks */,
				183A36DF1E9D888F00E52139 /* Resources */,
			);
			buildRules = (
			);
			dependencies = (
				183A36E31E9D888F00E52139 /* PBXTargetDependency */,
			);
			name = WorldTrotterUITests;
			productName = WorldTrotterUITests;
			productReference = 183A36E11E9D888F00E52139 /* WorldTrotterUITests.xctest */;
			productType = "com.apple.product-type.bundle.ui-testing";
		};
/* End PBXNativeTarget section */

/* Begin PBXProject section */
		183A36BA1E9D888F00E52139 /* Project object */ = {
			isa = PBXProject;
			attributes = {
				LastSwiftUpdateCheck = 0830;
				LastUpgradeCheck = 0830;
				ORGANIZATIONNAME = chipenable;
				TargetAttributes = {
					183A36C11E9D888F00E52139 = {
						CreatedOnToolsVersion = 8.3.1;
						ProvisioningStyle = Automatic;
					};
					183A36D51E9D888F00E52139 = {
						CreatedOnToolsVersion = 8.3.1;
						ProvisioningStyle = Automatic;
						TestTargetID = 183A36C11E9D888F00E52139;
					};
					183A36E01E9D888F00E52139 = {
						CreatedOnToolsVersion = 8.3.1;
						ProvisioningStyle = Automatic;
						TestTargetID = 183A36C11E9D888F00E52139;
					};
				};
			};
			buildConfigurationList = 183A36BD1E9D888F00E52139 /* Build configuration list for PBXProject "WorldTrotter" */;
			compatibilityVersion = "Xcode 3.2";
			developmentRegion = English;
			hasScannedForEncodings = 0;
			knownRegions = (
				en,
				Base,
			);
			mainGroup = 183A36B91E9D888F00E52139;
			productRefGroup = 183A36C31E9D888F00E52139 /* Products */;
			projectDirPath = "";
			projectRoot = "";
			targets = (
				183A36C11E9D888F00E52139 /* WorldTrotter */,
				183A36D51E9D888F00E52139 /* WorldTrotterTests */,
				183A36E01E9D888F00E52139 /* WorldTrotterUITests */,
			);
		};
/* End PBXProject section */

/* Begin PBXResourcesBuildPhase section */
		183A36C01E9D888F00E52139 /* Resources */ = {
			isa = PBXResourcesBuildPhase;
			buildActionMask = 2147483647;
			files = (
				183A36D01E9D888F00E52139 /* LaunchScreen.storyboard in Resources */,
				183A36CD1E9D888F00E52139 /* Assets.xcassets in Resources */,
				183A36CB1E9D888F00E52139 /* Main.storyboard in Resources */,
			);
			runOnlyForDeploymentPostprocessing = 0;
		};
		183A36D41E9D888F00E52139 /* Resources */ = {
			isa = PBXResourcesBuildPhase;
			buildActionMask = 2147483647;
			files = (
			);
			runOnlyForDeploymentPostprocessing = 0;
		};
		183A36DF1E9D888F00E52139 /* Resources */ = {
			isa = PBXResourcesBuildPhase;
			buildActionMask = 2147483647;
			files = (
			);
			runOnlyForDeploymentPostprocessing = 0;
		};
/* End PBXResourcesBuildPhase section */

/* Begin PBXSourcesBuildPhase section */
		183A36BE1E9D888F00E52139 /* Sources */ = {
			isa = PBXSourcesBuildPhase;
			buildActionMask = 2147483647;
			files = (
				1849689F1E9EC19B0076974D /* ConversionViewController.swift in Sources */,
				186469B51EA2A8FD000165F0 /* MapViewController.swift in Sources */,
				183A36C61E9D888F00E52139 /* AppDelegate.swift in Sources */,
			);
			runOnlyForDeploymentPostprocessing = 0;
		};
		183A36D21E9D888F00E52139 /* Sources */ = {
			isa = PBXSourcesBuildPhase;
			buildActionMask = 2147483647;
			files = (
				183A36DB1E9D888F00E52139 /* WorldTrotterTests.swift in Sources */,
			);
			runOnlyForDeploymentPostprocessing = 0;
		};
		183A36DD1E9D888F00E52139 /* Sources */ = {
			isa = PBXSourcesBuildPhase;
			buildActionMask = 2147483647;
			files = (
				183A36E61E9D888F00E52139 /* WorldTrotterUITests.swift in Sources */,
			);
			runOnlyForDeploymentPostprocessing = 0;
		};
/* End PBXSourcesBuildPhase section */

/* Begin PBXTargetDependency section */
		183A36D81E9D888F00E52139 /* PBXTargetDependency */ = {
			isa = PBXTargetDependency;
			target = 183A36C11E9D888F00E52139 /* WorldTrotter */;
			targetProxy = 183A36D71E9D888F00E52139 /* PBXContainerItemProxy */;
		};
		183A36E31E9D888F00E52139 /* PBXTargetDependency */ = {
			isa = PBXTargetDependency;
			target = 183A36C11E9D888F00E52139 /* WorldTrotter */;
			targetProxy = 183A36E21E9D888F00E52139 /* PBXContainerItemProxy */;
		};
/* End PBXTargetDependency section */

/* Begin PBXVariantGroup section */
		183A36C91E9D888F00E52139 /* Main.storyboard */ = {
			isa = PBXVariantGroup;
			children = (
				183A36CA1E9D888F00E52139 /* Base */,
			);
			name = Main.storyboard;
			sourceTree = "<group>";
		};
		183A36CE1E9D888F00E52139 /* LaunchScreen.storyboard */ = {
			isa = PBXVariantGroup;
			children = (
				183A36CF1E9D888F00E52139 /* Base */,
			);
			name = LaunchScreen.storyboard;
			sourceTree = "<group>";
		};
/* End PBXVariantGroup section */

/* Begin XCBuildConfiguration section */
		183A36E81E9D888F00E52139 /* Debug */ = {
			isa = XCBuildConfiguration;
			buildSettings = {
				ALWAYS_SEARCH_USER_PATHS = NO;
				CLANG_ANALYZER_NONNULL = YES;
				CLANG_ANALYZER_NUMBER_OBJECT_CONVERSION = YES_AGGRESSIVE;
				CLANG_CXX_LANGUAGE_STANDARD = "gnu++0x";
				CLANG_CXX_LIBRARY = "libc++";
				CLANG_ENABLE_MODULES = YES;
				CLANG_ENABLE_OBJC_ARC = YES;
				CLANG_WARN_BOOL_CONVERSION = YES;
				CLANG_WARN_CONSTANT_CONVERSION = YES;
				CLANG_WARN_DIRECT_OBJC_ISA_USAGE = YES_ERROR;
				CLANG_WARN_DOCUMENTATION_COMMENTS = YES;
				CLANG_WARN_EMPTY_BODY = YES;
				CLANG_WARN_ENUM_CONVERSION = YES;
				CLANG_WARN_INFINITE_RECURSION = YES;
				CLANG_WARN_INT_CONVERSION = YES;
				CLANG_WARN_OBJC_ROOT_CLASS = YES_ERROR;
				CLANG_WARN_SUSPICIOUS_MOVE = YES;
				CLANG_WARN_UNREACHABLE_CODE = YES;
				CLANG_WARN__DUPLICATE_METHOD_MATCH = YES;
				"CODE_SIGN_IDENTITY[sdk=iphoneos*]" = "iPhone Developer";
				COPY_PHASE_STRIP = NO;
				DEBUG_INFORMATION_FORMAT = dwarf;
				ENABLE_STRICT_OBJC_MSGSEND = YES;
				ENABLE_TESTABILITY = YES;
				GCC_C_LANGUAGE_STANDARD = gnu99;
				GCC_DYNAMIC_NO_PIC = NO;
				GCC_NO_COMMON_BLOCKS = YES;
				GCC_OPTIMIZATION_LEVEL = 0;
				GCC_PREPROCESSOR_DEFINITIONS = (
					"DEBUG=1",
					"$(inherited)",
				);
				GCC_WARN_64_TO_32_BIT_CONVERSION = YES;
				GCC_WARN_ABOUT_RETURN_TYPE = YES_ERROR;
				GCC_WARN_UNDECLARED_SELECTOR = YES;
				GCC_WARN_UNINITIALIZED_AUTOS = YES_AGGRESSIVE;
				GCC_WARN_UNUSED_FUNCTION = YES;
				GCC_WARN_UNUSED_VARIABLE = YES;
				IPHONEOS_DEPLOYMENT_TARGET = 10.3;
				MTL_ENABLE_DEBUG_INFO = YES;
				ONLY_ACTIVE_ARCH = YES;
				SDKROOT = iphoneos;
				SWIFT_ACTIVE_COMPILATION_CONDITIONS = DEBUG;
				SWIFT_OPTIMIZATION_LEVEL = "-Onone";
				TARGETED_DEVICE_FAMILY = "1,2";
			};
			name = Debug;
		};
		183A36E91E9D888F00E52139 /* Release */ = {
			isa = XCBuildConfiguration;
			buildSettings = {
				ALWAYS_SEARCH_USER_PATHS = NO;
				CLANG_ANALYZER_NONNULL = YES;
				CLANG_ANALYZER_NUMBER_OBJECT_CONVERSION = YES_AGGRESSIVE;
				CLANG_CXX_LANGUAGE_STANDARD = "gnu++0x";
				CLANG_CXX_LIBRARY = "libc++";
				CLANG_ENABLE_MODULES = YES;
				CLANG_ENABLE_OBJC_ARC = YES;
				CLANG_WARN_BOOL_CONVERSION = YES;
				CLANG_WARN_CONSTANT_CONVERSION = YES;
				CLANG_WARN_DIRECT_OBJC_ISA_USAGE = YES_ERROR;
				CLANG_WARN_DOCUMENTATION_COMMENTS = YES;
				CLANG_WARN_EMPTY_BODY = YES;
				CLANG_WARN_ENUM_CONVERSION = YES;
				CLANG_WARN_INFINITE_RECURSION = YES;
				CLANG_WARN_INT_CONVERSION = YES;
				CLANG_WARN_OBJC_ROOT_CLASS = YES_ERROR;
				CLANG_WARN_SUSPICIOUS_MOVE = YES;
				CLANG_WARN_UNREACHABLE_CODE = YES;
				CLANG_WARN__DUPLICATE_METHOD_MATCH = YES;
				"CODE_SIGN_IDENTITY[sdk=iphoneos*]" = "iPhone Developer";
				COPY_PHASE_STRIP = NO;
				DEBUG_INFORMATION_FORMAT = "dwarf-with-dsym";
				ENABLE_NS_ASSERTIONS = NO;
				ENABLE_STRICT_OBJC_MSGSEND = YES;
				GCC_C_LANGUAGE_STANDARD = gnu99;
				GCC_NO_COMMON_BLOCKS = YES;
				GCC_WARN_64_TO_32_BIT_CONVERSION = YES;
				GCC_WARN_ABOUT_RETURN_TYPE = YES_ERROR;
				GCC_WARN_UNDECLARED_SELECTOR = YES;
				GCC_WARN_UNINITIALIZED_AUTOS = YES_AGGRESSIVE;
				GCC_WARN_UNUSED_FUNCTION = YES;
				GCC_WARN_UNUSED_VARIABLE = YES;
				IPHONEOS_DEPLOYMENT_TARGET = 10.3;
				MTL_ENABLE_DEBUG_INFO = NO;
				SDKROOT = iphoneos;
				SWIFT_OPTIMIZATION_LEVEL = "-Owholemodule";
				TARGETED_DEVICE_FAMILY = "1,2";
				VALIDATE_PRODUCT = YES;
			};
			name = Release;
		};
		183A36EB1E9D888F00E52139 /* Debug */ = {
			isa = XCBuildConfiguration;
			buildSettings = {
				ASSETCATALOG_COMPILER_APPICON_NAME = AppIcon;
				INFOPLIST_FILE = WorldTrotter/Info.plist;
				LD_RUNPATH_SEARCH_PATHS = "$(inherited) @executable_path/Frameworks";
				PRODUCT_BUNDLE_IDENTIFIER = ru.chipenable.WorldTrotter;
				PRODUCT_NAME = "$(TARGET_NAME)";
				SWIFT_VERSION = 3.0;
			};
			name = Debug;
		};
		183A36EC1E9D888F00E52139 /* Release */ = {
			isa = XCBuildConfiguration;
			buildSettings = {
				ASSETCATALOG_COMPILER_APPICON_NAME = AppIcon;
				INFOPLIST_FILE = WorldTrotter/Info.plist;
				LD_RUNPATH_SEARCH_PATHS = "$(inherited) @executable_path/Frameworks";
				PRODUCT_BUNDLE_IDENTIFIER = ru.chipenable.WorldTrotter;
				PRODUCT_NAME = "$(TARGET_NAME)";
				SWIFT_VERSION = 3.0;
			};
			name = Release;
		};
		183A36EE1E9D888F00E52139 /* Debug */ = {
			isa = XCBuildConfiguration;
			buildSettings = {
				ALWAYS_EMBED_SWIFT_STANDARD_LIBRARIES = YES;
				BUNDLE_LOADER = "$(TEST_HOST)";
				INFOPLIST_FILE = WorldTrotterTests/Info.plist;
				LD_RUNPATH_SEARCH_PATHS = "$(inherited) @executable_path/Frameworks @loader_path/Frameworks";
				PRODUCT_BUNDLE_IDENTIFIER = ru.chipenable.WorldTrotterTests;
				PRODUCT_NAME = "$(TARGET_NAME)";
				SWIFT_VERSION = 3.0;
				TEST_HOST = "$(BUILT_PRODUCTS_DIR)/WorldTrotter.app/WorldTrotter";
			};
			name = Debug;
		};
		183A36EF1E9D888F00E52139 /* Release */ = {
			isa = XCBuildConfiguration;
			buildSettings = {
				ALWAYS_EMBED_SWIFT_STANDARD_LIBRARIES = YES;
				BUNDLE_LOADER = "$(TEST_HOST)";
				INFOPLIST_FILE = WorldTrotterTests/Info.plist;
				LD_RUNPATH_SEARCH_PATHS = "$(inherited) @executable_path/Frameworks @loader_path/Frameworks";
				PRODUCT_BUNDLE_IDENTIFIER = ru.chipenable.WorldTrotterTests;
				PRODUCT_NAME = "$(TARGET_NAME)";
				SWIFT_VERSION = 3.0;
				TEST_HOST = "$(BUILT_PRODUCTS_DIR)/WorldTrotter.app/WorldTrotter";
			};
			name = Release;
		};
		183A36F11E9D888F00E52139 /* Debug */ = {
			isa = XCBuildConfiguration;
			buildSettings = {
				ALWAYS_EMBED_SWIFT_STANDARD_LIBRARIES = YES;
				INFOPLIST_FILE = WorldTrotterUITests/Info.plist;
				LD_RUNPATH_SEARCH_PATHS = "$(inherited) @executable_path/Frameworks @loader_path/Frameworks";
				PRODUCT_BUNDLE_IDENTIFIER = ru.chipenable.WorldTrotterUITests;
				PRODUCT_NAME = "$(TARGET_NAME)";
				SWIFT_VERSION = 3.0;
				TEST_TARGET_NAME = WorldTrotter;
			};
			name = Debug;
		};
		183A36F21E9D888F00E52139 /* Release */ = {
			isa = XCBuildConfiguration;
			buildSettings = {
				ALWAYS_EMBED_SWIFT_STANDARD_LIBRARIES = YES;
				INFOPLIST_FILE = WorldTrotterUITests/Info.plist;
				LD_RUNPATH_SEARCH_PATHS = "$(inherited) @executable_path/Frameworks @loader_path/Frameworks";
				PRODUCT_BUNDLE_IDENTIFIER = ru.chipenable.WorldTrotterUITests;
				PRODUCT_NAME = "$(TARGET_NAME)";
				SWIFT_VERSION = 3.0;
				TEST_TARGET_NAME = WorldTrotter;
			};
			name = Release;
		};
/* End XCBuildConfiguration section */

/* Begin XCConfigurationList section */
		183A36BD1E9D888F00E52139 /* Build configuration list for PBXProject "WorldTrotter" */ = {
			isa = XCConfigurationList;
			buildConfigurations = (
				183A36E81E9D888F00E52139 /* Debug */,
				183A36E91E9D888F00E52139 /* Release */,
			);
			defaultConfigurationIsVisible = 0;
			defaultConfigurationName = Release;
		};
		183A36EA1E9D888F00E52139 /* Build configuration list for PBXNativeTarget "WorldTrotter" */ = {
			isa = XCConfigurationList;
			buildConfigurations = (
				183A36EB1E9D888F00E52139 /* Debug */,
				183A36EC1E9D888F00E52139 /* Release */,
			);
			defaultConfigurationIsVisible = 0;
			defaultConfigurationName = Release;
		};
		183A36ED1E9D888F00E52139 /* Build configuration list for PBXNativeTarget "WorldTrotterTests" */ = {
			isa = XCConfigurationList;
			buildConfigurations = (
				183A36EE1E9D888F00E52139 /* Debug */,
				183A36EF1E9D888F00E52139 /* Release */,
			);
			defaultConfigurationIsVisible = 0;
			defaultConfigurationName = Release;
		};
		183A36F01E9D888F00E52139 /* Build configuration list for PBXNativeTarget "WorldTrotterUITests" */ = {
			isa = XCConfigurationList;
			buildConfigurations = (
				183A36F11E9D888F00E52139 /* Debug */,
				183A36F21E9D888F00E52139 /* Release */,
			);
			defaultConfigurationIsVisible = 0;
			defaultConfigurationName = Release;
		};
/* End XCConfigurationList section */
	};
	rootObject = 183A36BA1E9D888F00E52139 /* Project object */;
}
